{
  "version": 4,
  "terraform_version": "1.1.6",
  "serial": 237,
  "lineage": "5e4c5956-7fcf-85ce-bc1d-aa6d3c6b197f",
  "outputs": {},
  "resources": [
    {
      "mode": "managed",
      "type": "azurerm_lb",
      "name": "ttest",
      "provider": "provider[\"registry.terraform.io/hashicorp/azurerm\"]",
      "instances": [
        {
          "schema_version": 0,
          "attributes": {
            "frontend_ip_configuration": [
              {
                "availability_zone": "No-Zone",
                "gateway_load_balancer_frontend_ip_configuration_id": "",
                "id": "/subscriptions/9b611ccc-7bfe-4f63-a59d-d80f1673a9ae/resourceGroups/ANDD-ttest/providers/Microsoft.Network/loadBalancers/ttest-lb/frontendIPConfigurations/PublicIPAddress",
                "inbound_nat_rules": [],
                "load_balancer_rules": [
                  "/subscriptions/9b611ccc-7bfe-4f63-a59d-d80f1673a9ae/resourceGroups/ANDD-ttest/providers/Microsoft.Network/loadBalancers/ttest-lb/loadBalancingRules/http"
                ],
                "name": "PublicIPAddress",
                "outbound_rules": [],
                "private_ip_address": "",
                "private_ip_address_allocation": "Dynamic",
                "private_ip_address_version": "",
                "public_ip_address_id": "/subscriptions/9b611ccc-7bfe-4f63-a59d-d80f1673a9ae/resourceGroups/ANDD-ttest/providers/Microsoft.Network/publicIPAddresses/ttest-public-ip",
                "public_ip_prefix_id": "",
                "subnet_id": "",
                "zones": []
              }
            ],
            "id": "/subscriptions/9b611ccc-7bfe-4f63-a59d-d80f1673a9ae/resourceGroups/ANDD-ttest/providers/Microsoft.Network/loadBalancers/ttest-lb",
            "location": "eastus",
            "name": "ttest-lb",
            "private_ip_address": "",
            "private_ip_addresses": [],
            "resource_group_name": "ANDD-ttest",
            "sku": "Basic",
            "sku_tier": "Regional",
            "tags": {},
            "timeouts": null
          },
          "sensitive_attributes": [],
          "private": "eyJlMmJmYjczMC1lY2FhLTExZTYtOGY4OC0zNDM2M2JjN2M0YzAiOnsiY3JlYXRlIjoxODAwMDAwMDAwMDAwLCJkZWxldGUiOjE4MDAwMDAwMDAwMDAsInJlYWQiOjMwMDAwMDAwMDAwMCwidXBkYXRlIjoxODAwMDAwMDAwMDAwfX0=",
          "dependencies": [
            "azurerm_public_ip.ttest",
            "azurerm_resource_group.ttest",
            "random_string.fqdn"
          ]
        }
      ]
    },
    {
      "mode": "managed",
      "type": "azurerm_lb_backend_address_pool",
      "name": "bpepool",
      "provider": "provider[\"registry.terraform.io/hashicorp/azurerm\"]",
      "instances": [
        {
          "schema_version": 0,
          "attributes": {
            "backend_address": [],
            "backend_ip_configurations": [
              "/subscriptions/9b611ccc-7bfe-4f63-a59d-d80f1673a9ae/resourceGroups/ANDD-ttest/providers/Microsoft.Compute/virtualMachineScaleSets/vmscaleset/virtualMachines/0/networkInterfaces/terraformnetworkprofile/ipConfigurations/IPConfiguration",
              "/subscriptions/9b611ccc-7bfe-4f63-a59d-d80f1673a9ae/resourceGroups/ANDD-ttest/providers/Microsoft.Compute/virtualMachineScaleSets/vmscaleset/virtualMachines/2/networkInterfaces/terraformnetworkprofile/ipConfigurations/IPConfiguration"
            ],
            "id": "/subscriptions/9b611ccc-7bfe-4f63-a59d-d80f1673a9ae/resourceGroups/ANDD-ttest/providers/Microsoft.Network/loadBalancers/ttest-lb/backendAddressPools/BackEndAddressPool",
            "load_balancing_rules": [
              "/subscriptions/9b611ccc-7bfe-4f63-a59d-d80f1673a9ae/resourceGroups/ANDD-ttest/providers/Microsoft.Network/loadBalancers/ttest-lb/loadBalancingRules/http"
            ],
            "loadbalancer_id": "/subscriptions/9b611ccc-7bfe-4f63-a59d-d80f1673a9ae/resourceGroups/ANDD-ttest/providers/Microsoft.Network/loadBalancers/ttest-lb",
            "name": "BackEndAddressPool",
            "outbound_rules": [],
            "resource_group_name": "ANDD-ttest",
            "timeouts": null,
            "tunnel_interface": []
          },
          "sensitive_attributes": [],
          "private": "eyJlMmJmYjczMC1lY2FhLTExZTYtOGY4OC0zNDM2M2JjN2M0YzAiOnsiY3JlYXRlIjoxODAwMDAwMDAwMDAwLCJkZWxldGUiOjE4MDAwMDAwMDAwMDAsInJlYWQiOjMwMDAwMDAwMDAwMCwidXBkYXRlIjoxODAwMDAwMDAwMDAwfX0=",
          "dependencies": [
            "azurerm_lb.ttest",
            "azurerm_public_ip.ttest",
            "azurerm_resource_group.ttest",
            "random_string.fqdn"
          ]
        }
      ]
    },
    {
      "mode": "managed",
      "type": "azurerm_lb_probe",
      "name": "ttest",
      "provider": "provider[\"registry.terraform.io/hashicorp/azurerm\"]",
      "instances": [
        {
          "schema_version": 0,
          "attributes": {
            "id": "/subscriptions/9b611ccc-7bfe-4f63-a59d-d80f1673a9ae/resourceGroups/ANDD-ttest/providers/Microsoft.Network/loadBalancers/ttest-lb/probes/ssh-running-probe",
            "interval_in_seconds": 15,
            "load_balancer_rules": [
              "/subscriptions/9b611ccc-7bfe-4f63-a59d-d80f1673a9ae/resourceGroups/ANDD-ttest/providers/Microsoft.Network/loadBalancers/ttest-lb/loadBalancingRules/http"
            ],
            "loadbalancer_id": "/subscriptions/9b611ccc-7bfe-4f63-a59d-d80f1673a9ae/resourceGroups/ANDD-ttest/providers/Microsoft.Network/loadBalancers/ttest-lb",
            "name": "ssh-running-probe",
            "number_of_probes": 2,
            "port": 80,
            "protocol": "Tcp",
            "request_path": "",
            "resource_group_name": "ANDD-ttest",
            "timeouts": null
          },
          "sensitive_attributes": [],
          "private": "eyJlMmJmYjczMC1lY2FhLTExZTYtOGY4OC0zNDM2M2JjN2M0YzAiOnsiY3JlYXRlIjoxODAwMDAwMDAwMDAwLCJkZWxldGUiOjE4MDAwMDAwMDAwMDAsInJlYWQiOjMwMDAwMDAwMDAwMCwidXBkYXRlIjoxODAwMDAwMDAwMDAwfX0=",
          "dependencies": [
            "azurerm_lb.ttest",
            "azurerm_public_ip.ttest",
            "azurerm_resource_group.ttest",
            "random_string.fqdn"
          ]
        }
      ]
    },
    {
      "mode": "managed",
      "type": "azurerm_lb_rule",
      "name": "lbnatrule",
      "provider": "provider[\"registry.terraform.io/hashicorp/azurerm\"]",
      "instances": [
        {
          "schema_version": 0,
          "attributes": {
            "backend_address_pool_id": "/subscriptions/9b611ccc-7bfe-4f63-a59d-d80f1673a9ae/resourceGroups/ANDD-ttest/providers/Microsoft.Network/loadBalancers/ttest-lb/backendAddressPools/BackEndAddressPool",
            "backend_address_pool_ids": [
              "/subscriptions/9b611ccc-7bfe-4f63-a59d-d80f1673a9ae/resourceGroups/ANDD-ttest/providers/Microsoft.Network/loadBalancers/ttest-lb/backendAddressPools/BackEndAddressPool"
            ],
            "backend_port": 80,
            "disable_outbound_snat": false,
            "enable_floating_ip": false,
            "enable_tcp_reset": false,
            "frontend_ip_configuration_id": "/subscriptions/9b611ccc-7bfe-4f63-a59d-d80f1673a9ae/resourceGroups/ANDD-ttest/providers/Microsoft.Network/loadBalancers/ttest-lb/frontendIPConfigurations/PublicIPAddress",
            "frontend_ip_configuration_name": "PublicIPAddress",
            "frontend_port": 80,
            "id": "/subscriptions/9b611ccc-7bfe-4f63-a59d-d80f1673a9ae/resourceGroups/ANDD-ttest/providers/Microsoft.Network/loadBalancers/ttest-lb/loadBalancingRules/http",
            "idle_timeout_in_minutes": 4,
            "load_distribution": "Default",
            "loadbalancer_id": "/subscriptions/9b611ccc-7bfe-4f63-a59d-d80f1673a9ae/resourceGroups/ANDD-ttest/providers/Microsoft.Network/loadBalancers/ttest-lb",
            "name": "http",
            "probe_id": "/subscriptions/9b611ccc-7bfe-4f63-a59d-d80f1673a9ae/resourceGroups/ANDD-ttest/providers/Microsoft.Network/loadBalancers/ttest-lb/probes/ssh-running-probe",
            "protocol": "Tcp",
            "resource_group_name": "ANDD-ttest",
            "timeouts": null
          },
          "sensitive_attributes": [],
          "private": "eyJlMmJmYjczMC1lY2FhLTExZTYtOGY4OC0zNDM2M2JjN2M0YzAiOnsiY3JlYXRlIjoxODAwMDAwMDAwMDAwLCJkZWxldGUiOjE4MDAwMDAwMDAwMDAsInJlYWQiOjMwMDAwMDAwMDAwMCwidXBkYXRlIjoxODAwMDAwMDAwMDAwfX0=",
          "dependencies": [
            "azurerm_lb.ttest",
            "azurerm_lb_backend_address_pool.bpepool",
            "azurerm_lb_probe.ttest",
            "azurerm_public_ip.ttest",
            "azurerm_resource_group.ttest",
            "random_string.fqdn"
          ]
        }
      ]
    },
    {
      "mode": "managed",
      "type": "azurerm_public_ip",
      "name": "ttest",
      "provider": "provider[\"registry.terraform.io/hashicorp/azurerm\"]",
      "instances": [
        {
          "schema_version": 0,
          "attributes": {
            "allocation_method": "Static",
            "availability_zone": "No-Zone",
            "domain_name_label": "currxv",
            "fqdn": "currxv.eastus.cloudapp.azure.com",
            "id": "/subscriptions/9b611ccc-7bfe-4f63-a59d-d80f1673a9ae/resourceGroups/ANDD-ttest/providers/Microsoft.Network/publicIPAddresses/ttest-public-ip",
            "idle_timeout_in_minutes": 4,
            "ip_address": "23.96.113.167",
            "ip_tags": {},
            "ip_version": "IPv4",
            "location": "eastus",
            "name": "ttest-public-ip",
            "public_ip_prefix_id": null,
            "resource_group_name": "ANDD-ttest",
            "reverse_fqdn": "",
            "sku": "Basic",
            "sku_tier": "Regional",
            "tags": {},
            "timeouts": null,
            "zones": []
          },
          "sensitive_attributes": [],
          "private": "eyJlMmJmYjczMC1lY2FhLTExZTYtOGY4OC0zNDM2M2JjN2M0YzAiOnsiY3JlYXRlIjoxODAwMDAwMDAwMDAwLCJkZWxldGUiOjE4MDAwMDAwMDAwMDAsInJlYWQiOjMwMDAwMDAwMDAwMCwidXBkYXRlIjoxODAwMDAwMDAwMDAwfX0=",
          "dependencies": [
            "azurerm_resource_group.ttest",
            "random_string.fqdn"
          ]
        }
      ]
    },
    {
      "mode": "managed",
      "type": "azurerm_resource_group",
      "name": "ttest",
      "provider": "provider[\"registry.terraform.io/hashicorp/azurerm\"]",
      "instances": [
        {
          "schema_version": 0,
          "attributes": {
            "id": "/subscriptions/9b611ccc-7bfe-4f63-a59d-d80f1673a9ae/resourceGroups/ANDD-ttest",
            "location": "eastus",
            "name": "ANDD-ttest",
            "tags": {},
            "timeouts": null
          },
          "sensitive_attributes": [],
          "private": "eyJlMmJmYjczMC1lY2FhLTExZTYtOGY4OC0zNDM2M2JjN2M0YzAiOnsiY3JlYXRlIjo1NDAwMDAwMDAwMDAwLCJkZWxldGUiOjU0MDAwMDAwMDAwMDAsInJlYWQiOjMwMDAwMDAwMDAwMCwidXBkYXRlIjo1NDAwMDAwMDAwMDAwfX0="
        }
      ]
    },
    {
      "mode": "managed",
      "type": "azurerm_subnet",
      "name": "ttest",
      "provider": "provider[\"registry.terraform.io/hashicorp/azurerm\"]",
      "instances": [
        {
          "schema_version": 0,
          "attributes": {
            "address_prefix": "10.0.2.0/24",
            "address_prefixes": [
              "10.0.2.0/24"
            ],
            "delegation": [],
            "enforce_private_link_endpoint_network_policies": false,
            "enforce_private_link_service_network_policies": false,
            "id": "/subscriptions/9b611ccc-7bfe-4f63-a59d-d80f1673a9ae/resourceGroups/ANDD-ttest/providers/Microsoft.Network/virtualNetworks/ttest-vnet/subnets/ttest-subnet",
            "name": "ttest-subnet",
            "resource_group_name": "ANDD-ttest",
            "service_endpoint_policy_ids": [],
            "service_endpoints": [],
            "timeouts": null,
            "virtual_network_name": "ttest-vnet"
          },
          "sensitive_attributes": [],
          "private": "eyJlMmJmYjczMC1lY2FhLTExZTYtOGY4OC0zNDM2M2JjN2M0YzAiOnsiY3JlYXRlIjoxODAwMDAwMDAwMDAwLCJkZWxldGUiOjE4MDAwMDAwMDAwMDAsInJlYWQiOjMwMDAwMDAwMDAwMCwidXBkYXRlIjoxODAwMDAwMDAwMDAwfX0=",
          "dependencies": [
            "azurerm_resource_group.ttest",
            "azurerm_virtual_network.ttest"
          ]
        }
      ]
    },
    {
      "mode": "managed",
      "type": "azurerm_virtual_machine_scale_set",
      "name": "ttest",
      "provider": "provider[\"registry.terraform.io/hashicorp/azurerm\"]",
      "instances": [
        {
          "schema_version": 1,
          "attributes": {
            "automatic_os_upgrade": false,
            "boot_diagnostics": [],
            "eviction_policy": "",
            "extension": [],
            "health_probe_id": null,
            "id": "/subscriptions/9b611ccc-7bfe-4f63-a59d-d80f1673a9ae/resourceGroups/ANDD-ttest/providers/Microsoft.Compute/virtualMachineScaleSets/vmscaleset",
            "identity": [],
            "license_type": "",
            "location": "eastus",
            "name": "vmscaleset",
            "network_profile": [
              {
                "accelerated_networking": false,
                "dns_settings": [
                  {
                    "dns_servers": []
                  }
                ],
                "ip_configuration": [
                  {
                    "application_gateway_backend_address_pool_ids": [],
                    "application_security_group_ids": [],
                    "load_balancer_backend_address_pool_ids": [
                      "/subscriptions/9b611ccc-7bfe-4f63-a59d-d80f1673a9ae/resourceGroups/ANDD-ttest/providers/Microsoft.Network/loadBalancers/ttest-lb/backendAddressPools/BackEndAddressPool"
                    ],
                    "load_balancer_inbound_nat_rules_ids": [],
                    "name": "IPConfiguration",
                    "primary": true,
                    "public_ip_address_configuration": [],
                    "subnet_id": "/subscriptions/9b611ccc-7bfe-4f63-a59d-d80f1673a9ae/resourceGroups/ANDD-ttest/providers/Microsoft.Network/virtualNetworks/ttest-vnet/subnets/ttest-subnet"
                  }
                ],
                "ip_forwarding": false,
                "name": "terraformnetworkprofile",
                "network_security_group_id": "",
                "primary": true
              }
            ],
            "os_profile": [
              {
                "admin_password": "userAdmin123@",
                "admin_username": "azureuser",
                "computer_name_prefix": "vmlab",
                "custom_data": "I2Nsb3VkLWNvbmZpZwpwYWNrYWdlczoKIC0gbmdpbngK"
              }
            ],
            "os_profile_linux_config": [
              {
                "disable_password_authentication": false,
                "ssh_keys": []
              }
            ],
            "os_profile_secrets": [],
            "os_profile_windows_config": [],
            "overprovision": true,
            "plan": [],
            "priority": "",
            "proximity_placement_group_id": null,
            "resource_group_name": "ANDD-ttest",
            "rolling_upgrade_policy": [],
            "single_placement_group": true,
            "sku": [
              {
                "capacity": 2,
                "name": "Standard_DS1_v2",
                "tier": "Standard"
              }
            ],
            "storage_profile_data_disk": [
              {
                "caching": "ReadWrite",
                "create_option": "Empty",
                "disk_size_gb": 10,
                "lun": 0,
                "managed_disk_type": "Standard_LRS"
              }
            ],
            "storage_profile_image_reference": [
              {
                "id": "",
                "offer": "UbuntuServer",
                "publisher": "Canonical",
                "sku": "16.04-LTS",
                "version": "latest"
              }
            ],
            "storage_profile_os_disk": [
              {
                "caching": "ReadWrite",
                "create_option": "FromImage",
                "image": "",
                "managed_disk_type": "Standard_LRS",
                "name": "",
                "os_type": "Linux",
                "vhd_containers": []
              }
            ],
            "tags": {},
            "timeouts": null,
            "upgrade_policy_mode": "Manual",
            "zones": []
          },
          "sensitive_attributes": [],
          "private": "eyJlMmJmYjczMC1lY2FhLTExZTYtOGY4OC0zNDM2M2JjN2M0YzAiOnsiY3JlYXRlIjozNjAwMDAwMDAwMDAwLCJkZWxldGUiOjM2MDAwMDAwMDAwMDAsInJlYWQiOjMwMDAwMDAwMDAwMCwidXBkYXRlIjozNjAwMDAwMDAwMDAwfSwic2NoZW1hX3ZlcnNpb24iOiIxIn0=",
          "dependencies": [
            "azurerm_lb.ttest",
            "azurerm_lb_backend_address_pool.bpepool",
            "azurerm_public_ip.ttest",
            "azurerm_resource_group.ttest",
            "azurerm_subnet.ttest",
            "azurerm_virtual_network.ttest",
            "random_string.fqdn"
          ]
        }
      ]
    },
    {
      "mode": "managed",
      "type": "azurerm_virtual_network",
      "name": "ttest",
      "provider": "provider[\"registry.terraform.io/hashicorp/azurerm\"]",
      "instances": [
        {
          "schema_version": 0,
          "attributes": {
            "address_space": [
              "10.0.0.0/16"
            ],
            "bgp_community": "",
            "ddos_protection_plan": [],
            "dns_servers": [],
            "flow_timeout_in_minutes": 0,
            "guid": "78d28f78-365f-4916-8e19-b7bd6c98c554",
            "id": "/subscriptions/9b611ccc-7bfe-4f63-a59d-d80f1673a9ae/resourceGroups/ANDD-ttest/providers/Microsoft.Network/virtualNetworks/ttest-vnet",
            "location": "eastus",
            "name": "ttest-vnet",
            "resource_group_name": "ANDD-ttest",
            "subnet": [
              {
                "address_prefix": "10.0.2.0/24",
                "id": "/subscriptions/9b611ccc-7bfe-4f63-a59d-d80f1673a9ae/resourceGroups/ANDD-ttest/providers/Microsoft.Network/virtualNetworks/ttest-vnet/subnets/ttest-subnet",
                "name": "ttest-subnet",
                "security_group": ""
              }
            ],
            "tags": {},
            "timeouts": null,
            "vm_protection_enabled": false
          },
          "sensitive_attributes": [],
          "private": "eyJlMmJmYjczMC1lY2FhLTExZTYtOGY4OC0zNDM2M2JjN2M0YzAiOnsiY3JlYXRlIjoxODAwMDAwMDAwMDAwLCJkZWxldGUiOjE4MDAwMDAwMDAwMDAsInJlYWQiOjMwMDAwMDAwMDAwMCwidXBkYXRlIjoxODAwMDAwMDAwMDAwfX0=",
          "dependencies": [
            "azurerm_resource_group.ttest"
          ]
        }
      ]
    },
    {
      "mode": "managed",
      "type": "random_string",
      "name": "fqdn",
      "provider": "provider[\"registry.terraform.io/hashicorp/random\"]",
      "instances": [
        {
          "schema_version": 1,
          "attributes": {
            "id": "currxv",
            "keepers": null,
            "length": 6,
            "lower": true,
            "min_lower": 0,
            "min_numeric": 0,
            "min_special": 0,
            "min_upper": 0,
            "number": false,
            "override_special": null,
            "result": "currxv",
            "special": false,
            "upper": false
          },
          "sensitive_attributes": [],
          "private": "eyJzY2hlbWFfdmVyc2lvbiI6IjEifQ=="
        }
      ]
    }
  ]
}
